
Microsoft Visual Studio Solution File, Format Version 12.00
# Visual Studio 14
VisualStudioVersion = 14.0.23107.0
MinimumVisualStudioVersion = 10.0.40219.1
Project("{2150E333-8FDC-42A3-9474-1A3956D46DE8}") = "src", "src", "{7433EE83-1E04-4F3D-B4DB-B2A89EC725FA}"
EndProject
Project("{2150E333-8FDC-42A3-9474-1A3956D46DE8}") = "Solution Items", "Solution Items", "{4BD3CC79-EC82-41DC-A813-25C1C5089FD1}"
	ProjectSection(SolutionItems) = preProject
		global.json = global.json
		NuGet.Config = NuGet.Config
	EndProjectSection
EndProject
Project("{8BB2217D-0F2D-49D1-97BC-3654ED321F3B}") = "Bank.Domain", "src\Bank.Domain\Bank.Domain.xproj", "{3E5140C9-EE25-4CF5-A41E-631EA1CCF70E}"
EndProject
Project("{8BB2217D-0F2D-49D1-97BC-3654ED321F3B}") = "Bank.Repository", "src\Bank.Repository\Bank.Repository.xproj", "{3D3266CF-A4A9-44B2-B751-FDCE6689D7D9}"
EndProject
Project("{2150E333-8FDC-42A3-9474-1A3956D46DE8}") = "Test", "Test", "{1C95843F-372F-4551-8E69-DC532E88FCB6}"
EndProject
Project("{8BB2217D-0F2D-49D1-97BC-3654ED321F3B}") = "EF7_TestConsoleApp", "test\EF7_TestConsoleApp\EF7_TestConsoleApp.xproj", "{C365185B-4429-4045-8426-EA2B8F3ECA67}"
EndProject
Global
	GlobalSection(SolutionConfigurationPlatforms) = preSolution
		Debug|Any CPU = Debug|Any CPU
		Release|Any CPU = Release|Any CPU
	EndGlobalSection
	GlobalSection(ProjectConfigurationPlatforms) = postSolution
		{3E5140C9-EE25-4CF5-A41E-631EA1CCF70E}.Debug|Any CPU.ActiveCfg = Debug|Any CPU
		{3E5140C9-EE25-4CF5-A41E-631EA1CCF70E}.Debug|Any CPU.Build.0 = Debug|Any CPU
		{3E5140C9-EE25-4CF5-A41E-631EA1CCF70E}.Release|Any CPU.ActiveCfg = Release|Any CPU
		{3E5140C9-EE25-4CF5-A41E-631EA1CCF70E}.Release|Any CPU.Build.0 = Release|Any CPU
		{3D3266CF-A4A9-44B2-B751-FDCE6689D7D9}.Debug|Any CPU.ActiveCfg = Debug|Any CPU
		{3D3266CF-A4A9-44B2-B751-FDCE6689D7D9}.Debug|Any CPU.Build.0 = Debug|Any CPU
		{3D3266CF-A4A9-44B2-B751-FDCE6689D7D9}.Release|Any CPU.ActiveCfg = Release|Any CPU
		{3D3266CF-A4A9-44B2-B751-FDCE6689D7D9}.Release|Any CPU.Build.0 = Release|Any CPU
		{C365185B-4429-4045-8426-EA2B8F3ECA67}.Debug|Any CPU.ActiveCfg = Debug|Any CPU
		{C365185B-4429-4045-8426-EA2B8F3ECA67}.Debug|Any CPU.Build.0 = Debug|Any CPU
		{C365185B-4429-4045-8426-EA2B8F3ECA67}.Release|Any CPU.ActiveCfg = Release|Any CPU
		{C365185B-4429-4045-8426-EA2B8F3ECA67}.Release|Any CPU.Build.0 = Release|Any CPU
	EndGlobalSection
	GlobalSection(SolutionProperties) = preSolution
		HideSolutionNode = FALSE
	EndGlobalSection
	GlobalSection(NestedProjects) = preSolution
		{3E5140C9-EE25-4CF5-A41E-631EA1CCF70E} = {7433EE83-1E04-4F3D-B4DB-B2A89EC725FA}
		{3D3266CF-A4A9-44B2-B751-FDCE6689D7D9} = {7433EE83-1E04-4F3D-B4DB-B2A89EC725FA}
		{C365185B-4429-4045-8426-EA2B8F3ECA67} = {1C95843F-372F-4551-8E69-DC532E88FCB6}
	EndGlobalSection
EndGlobal
