
Microsoft Visual Studio Solution File, Format Version 12.00
# Visual Studio 2013
VisualStudioVersion = 12.0.31101.0
MinimumVisualStudioVersion = 10.0.40219.1
Project("{FAE04EC0-301F-11D3-BF4B-00C04F79EFBC}") = "DemoLib", "DemoLib\DemoLib.csproj", "{8CFD6991-025D-4832-B9F8-E1146EFEC4CF}"
EndProject
Project("{FAE04EC0-301F-11D3-BF4B-00C04F79EFBC}") = "DemoLibUnitTest", "DemoLibUnitTest\DemoLibUnitTest.csproj", "{EF7EF682-D664-4602-BB6D-90FFF9F860E3}"
EndProject
Global
	GlobalSection(SolutionConfigurationPlatforms) = preSolution
		Debug|Any CPU = Debug|Any CPU
		Release|Any CPU = Release|Any CPU
	EndGlobalSection
	GlobalSection(ProjectConfigurationPlatforms) = postSolution
		{8CFD6991-025D-4832-B9F8-E1146EFEC4CF}.Debug|Any CPU.ActiveCfg = Debug|Any CPU
		{8CFD6991-025D-4832-B9F8-E1146EFEC4CF}.Debug|Any CPU.Build.0 = Debug|Any CPU
		{8CFD6991-025D-4832-B9F8-E1146EFEC4CF}.Release|Any CPU.ActiveCfg = Release|Any CPU
		{8CFD6991-025D-4832-B9F8-E1146EFEC4CF}.Release|Any CPU.Build.0 = Release|Any CPU
		{EF7EF682-D664-4602-BB6D-90FFF9F860E3}.Debug|Any CPU.ActiveCfg = Debug|Any CPU
		{EF7EF682-D664-4602-BB6D-90FFF9F860E3}.Debug|Any CPU.Build.0 = Debug|Any CPU
		{EF7EF682-D664-4602-BB6D-90FFF9F860E3}.Release|Any CPU.ActiveCfg = Release|Any CPU
		{EF7EF682-D664-4602-BB6D-90FFF9F860E3}.Release|Any CPU.Build.0 = Release|Any CPU
	EndGlobalSection
	GlobalSection(SolutionProperties) = preSolution
		HideSolutionNode = FALSE
	EndGlobalSection
EndGlobal
